
Microsoft Visual Studio Solution File, Format Version 12.00
Project("{FAE04EC0-301F-11D3-BF4B-00C04F79EFBC}") = "Web", "Web\Web.csproj", "{921D1507-CDC8-42D3-A912-BA6ED57EB827}"
EndProject
Project("{FAE04EC0-301F-11D3-BF4B-00C04F79EFBC}") = "Domain", "Domain\Domain.csproj", "{7D8501C1-11FD-45B4-AD90-A764366A7F74}"
EndProject
Project("{FAE04EC0-301F-11D3-BF4B-00C04F79EFBC}") = "Infrastructure", "Infrastructure\Infrastructure.csproj", "{3828199D-0466-4D5A-9807-C796157D3BFC}"
EndProject
Project("{FAE04EC0-301F-11D3-BF4B-00C04F79EFBC}") = "Infrastructure.Tests", "Infrastructure.Tests\Infrastructure.Tests.csproj", "{A2ECE87A-8E3B-4610-9F87-ABAD15687FC1}"
EndProject
Global
	GlobalSection(SolutionConfigurationPlatforms) = preSolution
		Debug|Any CPU = Debug|Any CPU
		Release|Any CPU = Release|Any CPU
	EndGlobalSection
	GlobalSection(ProjectConfigurationPlatforms) = postSolution
		{921D1507-CDC8-42D3-A912-BA6ED57EB827}.Debug|Any CPU.ActiveCfg = Debug|Any CPU
		{921D1507-CDC8-42D3-A912-BA6ED57EB827}.Debug|Any CPU.Build.0 = Debug|Any CPU
		{921D1507-CDC8-42D3-A912-BA6ED57EB827}.Release|Any CPU.ActiveCfg = Release|Any CPU
		{921D1507-CDC8-42D3-A912-BA6ED57EB827}.Release|Any CPU.Build.0 = Release|Any CPU
		{7D8501C1-11FD-45B4-AD90-A764366A7F74}.Debug|Any CPU.ActiveCfg = Debug|Any CPU
		{7D8501C1-11FD-45B4-AD90-A764366A7F74}.Debug|Any CPU.Build.0 = Debug|Any CPU
		{7D8501C1-11FD-45B4-AD90-A764366A7F74}.Release|Any CPU.ActiveCfg = Release|Any CPU
		{7D8501C1-11FD-45B4-AD90-A764366A7F74}.Release|Any CPU.Build.0 = Release|Any CPU
		{3828199D-0466-4D5A-9807-C796157D3BFC}.Debug|Any CPU.ActiveCfg = Debug|Any CPU
		{3828199D-0466-4D5A-9807-C796157D3BFC}.Debug|Any CPU.Build.0 = Debug|Any CPU
		{3828199D-0466-4D5A-9807-C796157D3BFC}.Release|Any CPU.ActiveCfg = Release|Any CPU
		{3828199D-0466-4D5A-9807-C796157D3BFC}.Release|Any CPU.Build.0 = Release|Any CPU
		{A2ECE87A-8E3B-4610-9F87-ABAD15687FC1}.Debug|Any CPU.ActiveCfg = Debug|Any CPU
		{A2ECE87A-8E3B-4610-9F87-ABAD15687FC1}.Debug|Any CPU.Build.0 = Debug|Any CPU
		{A2ECE87A-8E3B-4610-9F87-ABAD15687FC1}.Release|Any CPU.ActiveCfg = Release|Any CPU
		{A2ECE87A-8E3B-4610-9F87-ABAD15687FC1}.Release|Any CPU.Build.0 = Release|Any CPU
	EndGlobalSection
EndGlobal
