
Microsoft Visual Studio Solution File, Format Version 12.00
Project("{FAE04EC0-301F-11D3-BF4B-00C04F79EFBC}") = "Web", "Web\Web.csproj", "{921D1507-CDC8-42D3-A912-BA6ED57EB827}"
EndProject
Global
	GlobalSection(SolutionConfigurationPlatforms) = preSolution
		Debug|Any CPU = Debug|Any CPU
		Release|Any CPU = Release|Any CPU
	EndGlobalSection
	GlobalSection(ProjectConfigurationPlatforms) = postSolution
		{921D1507-CDC8-42D3-A912-BA6ED57EB827}.Debug|Any CPU.ActiveCfg = Debug|Any CPU
		{921D1507-CDC8-42D3-A912-BA6ED57EB827}.Debug|Any CPU.Build.0 = Debug|Any CPU
		{921D1507-CDC8-42D3-A912-BA6ED57EB827}.Release|Any CPU.ActiveCfg = Release|Any CPU
		{921D1507-CDC8-42D3-A912-BA6ED57EB827}.Release|Any CPU.Build.0 = Release|Any CPU
	EndGlobalSection
EndGlobal
